Microsoft Visual Studio Solution File, Format Version 12.00
# Visual Studio Version 17
VisualStudioVersion = 17.5.2.0
MinimumVisualStudioVersion = 10.0.40219.1
Project("{FAE04EC0-301F-11D3-BF4B-00C04F79EFBC}") = "TestConsole", "TestConsole.csproj", "{EEA38C2B-FFAA-55C6-8A0A-CC2FF2C21E11}"
EndProject
Global
	GlobalSection(SolutionConfigurationPlatforms) = preSolution
		Debug|Any CPU = Debug|Any CPU
		Release|Any CPU = Release|Any CPU
	EndGlobalSection
	GlobalSection(ProjectConfigurationPlatforms) = postSolution
		{EEA38C2B-FFAA-55C6-8A0A-CC2FF2C21E11}.Debug|Any CPU.ActiveCfg = Debug|Any CPU
		{EEA38C2B-FFAA-55C6-8A0A-CC2FF2C21E11}.Debug|Any CPU.Build.0 = Debug|Any CPU
		{EEA38C2B-FFAA-55C6-8A0A-CC2FF2C21E11}.Release|Any CPU.ActiveCfg = Release|Any CPU
		{EEA38C2B-FFAA-55C6-8A0A-CC2FF2C21E11}.Release|Any CPU.Build.0 = Release|Any CPU
	EndGlobalSection
	GlobalSection(SolutionProperties) = preSolution
		HideSolutionNode = FALSE
	EndGlobalSection
	GlobalSection(ExtensibilityGlobals) = postSolution
		SolutionGuid = {489DA551-CD36-4976-AD7A-FAD56B27CB63}
	EndGlobalSection
EndGlobal
